// !$*UTF8*$!
{
	archiveVersion = 1;
	classes = {
	};
	objectVersion = 46;
	objects = {

/* Begin PBXBuildFile section */
		4209CBE91E4C629A00BABC28 /* Reachability.m in Sources */ = {isa = PBXBuildFile; fileRef = 4209CBE81E4C629A00BABC28 /* Reachability.m */; };
		4209CBEC1E4C675800BABC28 /* GetWeather.m in Sources */ = {isa = PBXBuildFile; fileRef = 4209CBEB1E4C675800BABC28 /* GetWeather.m */; };
		4209CBEF1E4DA79700BABC28 /* WeatherPackage.m in Sources */ = {isa = PBXBuildFile; fileRef = 4209CBEE1E4DA79700BABC28 /* WeatherPackage.m */; };
		4209CBF11E4DB95D00BABC28 /* SystemConfiguration.framework in Frameworks */ = {isa = PBXBuildFile; fileRef = 4209CBF01E4DB95D00BABC28 /* SystemConfiguration.framework */; };
		4209CC0B1E4DBAE800BABC28 /* Info.plist in Resources */ = {isa = PBXBuildFile; fileRef = 4209CBF51E4DBAE800BABC28 /* Info.plist */; };
		4209CC0C1E4DBAE800BABC28 /* JSONModel.m in Sources */ = {isa = PBXBuildFile; fileRef = 4209CBF81E4DBAE800BABC28 /* JSONModel.m */; };
		4209CC0D1E4DBAE800BABC28 /* JSONModelClassProperty.m in Sources */ = {isa = PBXBuildFile; fileRef = 4209CBFA1E4DBAE800BABC28 /* JSONModelClassProperty.m */; };
		4209CC0E1E4DBAE800BABC28 /* JSONModelError.m in Sources */ = {isa = PBXBuildFile; fileRef = 4209CBFC1E4DBAE800BABC28 /* JSONModelError.m */; };
		4209CC0F1E4DBAE800BABC28 /* JSONAPI.m in Sources */ = {isa = PBXBuildFile; fileRef = 4209CC001E4DBAE800BABC28 /* JSONAPI.m */; };
		4209CC101E4DBAE800BABC28 /* JSONHTTPClient.m in Sources */ = {isa = PBXBuildFile; fileRef = 4209CC021E4DBAE800BABC28 /* JSONHTTPClient.m */; };
		4209CC111E4DBAE800BABC28 /* JSONModel+networking.m in Sources */ = {isa = PBXBuildFile; fileRef = 4209CC041E4DBAE800BABC28 /* JSONModel+networking.m */; };
		4209CC121E4DBAE800BABC28 /* JSONKeyMapper.m in Sources */ = {isa = PBXBuildFile; fileRef = 4209CC071E4DBAE800BABC28 /* JSONKeyMapper.m */; };
		4209CC131E4DBAE800BABC28 /* JSONValueTransformer.m in Sources */ = {isa = PBXBuildFile; fileRef = 4209CC091E4DBAE800BABC28 /* JSONValueTransformer.m */; };
		423FA6F71E4B315200104BFB /* RADeviceName.m in Sources */ = {isa = PBXBuildFile; fileRef = 423FA6F61E4B315200104BFB /* RADeviceName.m */; };
		423FA6FB1E4B391400104BFB /* RAOperativeSystem.m in Sources */ = {isa = PBXBuildFile; fileRef = 423FA6FA1E4B391400104BFB /* RAOperativeSystem.m */; };
		423FA6FE1E4B3A9100104BFB /* RAOSVersion.m in Sources */ = {isa = PBXBuildFile; fileRef = 423FA6FD1E4B3A9100104BFB /* RAOSVersion.m */; };
		423FA7011E4B3E3300104BFB /* RADeviceModel.m in Sources */ = {isa = PBXBuildFile; fileRef = 423FA7001E4B3E3300104BFB /* RADeviceModel.m */; };
		423FA7041E4B3EEC00104BFB /* RADeviceID.m in Sources */ = {isa = PBXBuildFile; fileRef = 423FA7031E4B3EEC00104BFB /* RADeviceID.m */; };
		4249B95E1E54693300E40089 /* RACityName.m in Sources */ = {isa = PBXBuildFile; fileRef = 4249B95D1E54693300E40089 /* RACityName.m */; };
		42516DA01E4C5CCB00011E6A /* RANetStatus.m in Sources */ = {isa = PBXBuildFile; fileRef = 42516D9F1E4C5CCB00011E6A /* RANetStatus.m */; };
		425286131E44890F0058F2EF /* RAGetCurrentMinutes.m in Sources */ = {isa = PBXBuildFile; fileRef = 425286121E44890F0058F2EF /* RAGetCurrentMinutes.m */; };
		425286161E448C020058F2EF /* RAGetCurrentHour.m in Sources */ = {isa = PBXBuildFile; fileRef = 425286151E448C020058F2EF /* RAGetCurrentHour.m */; };
		425286191E449F530058F2EF /* RAGetCurrentDate.m in Sources */ = {isa = PBXBuildFile; fileRef = 425286181E449F530058F2EF /* RAGetCurrentDate.m */; };
		426264901E6993D50055C26C /* APIModel.m in Sources */ = {isa = PBXBuildFile; fileRef = 4262648F1E6993D50055C26C /* APIModel.m */; };
		4299CD731E5462F6003ACF1B /* RACountryCode.m in Sources */ = {isa = PBXBuildFile; fileRef = 4299CD721E5462F6003ACF1B /* RACountryCode.m */; };
		42E5B0301E6D72E5009EBE42 /* CallModel.m in Sources */ = {isa = PBXBuildFile; fileRef = 42E5B02F1E6D72E5009EBE42 /* CallModel.m */; };
		7C380F548DEB839850DF062F /* libPods-TriggersV3.a in Frameworks */ = {isa = PBXBuildFile; fileRef = F70C1C1D914986A92FB9B879 /* libPods-TriggersV3.a */; };
		F1B9F5E71E02AAE90024AB95 /* RABatteryLevelPercentage.m in Sources */ = {isa = PBXBuildFile; fileRef = F1B9F5E61E02AAE90024AB95 /* RABatteryLevelPercentage.m */; };
		F1B9F5EA1E02AD060024AB95 /* RAGetCurrentSeconds.m in Sources */ = {isa = PBXBuildFile; fileRef = F1B9F5E91E02AD060024AB95 /* RAGetCurrentSeconds.m */; };
		F1B9F5ED1E02B0040024AB95 /* WriteAction.m in Sources */ = {isa = PBXBuildFile; fileRef = F1B9F5EC1E02B0040024AB95 /* WriteAction.m */; };
		F1B9F5F11E02B0340024AB95 /* WADevice.m in Sources */ = {isa = PBXBuildFile; fileRef = F1B9F5F01E02B0340024AB95 /* WADevice.m */; };
		F1B9F5F61E02B0810024AB95 /* WAConsole.m in Sources */ = {isa = PBXBuildFile; fileRef = F1B9F5F51E02B0810024AB95 /* WAConsole.m */; };
		F1B9F5F91E02D26A0024AB95 /* WAVisualAlert.m in Sources */ = {isa = PBXBuildFile; fileRef = F1B9F5F81E02D26A0024AB95 /* WAVisualAlert.m */; };
		F1B9F5FC1E03EB560024AB95 /* WARest.m in Sources */ = {isa = PBXBuildFile; fileRef = F1B9F5FB1E03EB560024AB95 /* WARest.m */; };
		F1B9F5FF1E04051E0024AB95 /* RAObject.m in Sources */ = {isa = PBXBuildFile; fileRef = F1B9F5FE1E04051E0024AB95 /* RAObject.m */; };
		F1B9F6021E0409500024AB95 /* WAUpdateObjectAttribute.m in Sources */ = {isa = PBXBuildFile; fileRef = F1B9F6011E0409500024AB95 /* WAUpdateObjectAttribute.m */; };
		F1B9F6061E0815660024AB95 /* DefaultView.m in Sources */ = {isa = PBXBuildFile; fileRef = F1B9F6051E0815650024AB95 /* DefaultView.m */; };
		F1B9F6081E0815730024AB95 /* DefaultView.xib in Resources */ = {isa = PBXBuildFile; fileRef = F1B9F6071E0815730024AB95 /* DefaultView.xib */; };
		F1B9F60C1E0818DE0024AB95 /* CurrentDeviceLocationView.m in Sources */ = {isa = PBXBuildFile; fileRef = F1B9F60B1E0818DE0024AB95 /* CurrentDeviceLocationView.m */; };
		F1B9F60E1E0818E80024AB95 /* CurrentDeviceLocationView.xib in Resources */ = {isa = PBXBuildFile; fileRef = F1B9F60D1E0818E80024AB95 /* CurrentDeviceLocationView.xib */; };
		F1B9F6111E081A790024AB95 /* MapKit.framework in Frameworks */ = {isa = PBXBuildFile; fileRef = F1B9F6101E081A790024AB95 /* MapKit.framework */; };
		F1D575DA1E0145F900AC10DE /* main.m in Sources */ = {isa = PBXBuildFile; fileRef = F1D575D91E0145F900AC10DE /* main.m */; };
		F1D575DD1E0145F900AC10DE /* AppDelegate.m in Sources */ = {isa = PBXBuildFile; fileRef = F1D575DC1E0145F900AC10DE /* AppDelegate.m */; };
		F1D575E01E0145F900AC10DE /* ViewController.m in Sources */ = {isa = PBXBuildFile; fileRef = F1D575DF1E0145F900AC10DE /* ViewController.m */; };
		F1D575E31E0145F900AC10DE /* Main.storyboard in Resources */ = {isa = PBXBuildFile; fileRef = F1D575E11E0145F900AC10DE /* Main.storyboard */; };
		F1D575E51E0145F900AC10DE /* Assets.xcassets in Resources */ = {isa = PBXBuildFile; fileRef = F1D575E41E0145F900AC10DE /* Assets.xcassets */; };
		F1D575E81E0145F900AC10DE /* LaunchScreen.storyboard in Resources */ = {isa = PBXBuildFile; fileRef = F1D575E61E0145F900AC10DE /* LaunchScreen.storyboard */; };
		F1D575FB1E01462000AC10DE /* Action.m in Sources */ = {isa = PBXBuildFile; fileRef = F1D575F01E01462000AC10DE /* Action.m */; };
		F1D575FC1E01462000AC10DE /* ClassAttribute.m in Sources */ = {isa = PBXBuildFile; fileRef = F1D575F21E01462000AC10DE /* ClassAttribute.m */; };
		F1D575FD1E01462000AC10DE /* Condition.m in Sources */ = {isa = PBXBuildFile; fileRef = F1D575F41E01462000AC10DE /* Condition.m */; };
		F1D575FE1E01462000AC10DE /* Object.m in Sources */ = {isa = PBXBuildFile; fileRef = F1D575F61E01462000AC10DE /* Object.m */; };
		F1D575FF1E01462000AC10DE /* ReadAction.m in Sources */ = {isa = PBXBuildFile; fileRef = F1D575F81E01462000AC10DE /* ReadAction.m */; };
		F1D576001E01462000AC10DE /* Trigger.m in Sources */ = {isa = PBXBuildFile; fileRef = F1D575FA1E01462000AC10DE /* Trigger.m */; };
		F1D576041E0149DA00AC10DE /* RADevice.m in Sources */ = {isa = PBXBuildFile; fileRef = F1D576031E0149DA00AC10DE /* RADevice.m */; };
		F1D576071E0149E600AC10DE /* RARest.m in Sources */ = {isa = PBXBuildFile; fileRef = F1D576061E0149E600AC10DE /* RARest.m */; };
		F1D5760A1E0149FC00AC10DE /* RABatteryLevelNormalized.m in Sources */ = {isa = PBXBuildFile; fileRef = F1D576091E0149FC00AC10DE /* RABatteryLevelNormalized.m */; };
		F1D5760E1E014A7700AC10DE /* RABatteryStatus.m in Sources */ = {isa = PBXBuildFile; fileRef = F1D5760D1E014A7700AC10DE /* RABatteryStatus.m */; };
		F1D576111E014ABD00AC10DE /* RADeviceOrientation.m in Sources */ = {isa = PBXBuildFile; fileRef = F1D576101E014ABD00AC10DE /* RADeviceOrientation.m */; };
		F1D576141E014F3000AC10DE /* LocationManager.m in Sources */ = {isa = PBXBuildFile; fileRef = F1D576131E014F3000AC10DE /* LocationManager.m */; };
		F1D576171E015AB000AC10DE /* RACurrentDeviceLocation.m in Sources */ = {isa = PBXBuildFile; fileRef = F1D576161E015AB000AC10DE /* RACurrentDeviceLocation.m */; };
		F1D5761A1E015BF900AC10DE /* Value.m in Sources */ = {isa = PBXBuildFile; fileRef = F1D576191E015BF900AC10DE /* Value.m */; };
		F1D5761D1E015C1E00AC10DE /* NumberValue.m in Sources */ = {isa = PBXBuildFile; fileRef = F1D5761C1E015C1E00AC10DE /* NumberValue.m */; };
		F1D576211E015D9900AC10DE /* StringValue.m in Sources */ = {isa = PBXBuildFile; fileRef = F1D576201E015D9900AC10DE /* StringValue.m */; };
/* End PBXBuildFile section */

/* Begin PBXFileReference section */
		2B5F790DF34D64239DA482BB /* Pods-TriggersV3.debug.xcconfig */ = {isa = PBXFileReference; includeInIndex = 1; lastKnownFileType = text.xcconfig; name = "Pods-TriggersV3.debug.xcconfig"; path = "Pods/Target Support Files/Pods-TriggersV3/Pods-TriggersV3.debug.xcconfig"; sourceTree = "<group>"; };
		4209CBE71E4C628200BABC28 /* Reachability.h */ = {isa = PBXFileReference; fileEncoding = 4; lastKnownFileType = sourcecode.c.h; path = Reachability.h; sourceTree = "<group>"; };
		4209CBE81E4C629A00BABC28 /* Reachability.m */ = {isa = PBXFileReference; fileEncoding = 4; lastKnownFileType = sourcecode.c.objc; path = Reachability.m; sourceTree = "<group>"; };
		4209CBEA1E4C662900BABC28 /* GetWeather.h */ = {isa = PBXFileReference; lastKnownFileType = sourcecode.c.h; path = GetWeather.h; sourceTree = "<group>"; };
		4209CBEB1E4C675800BABC28 /* GetWeather.m */ = {isa = PBXFileReference; fileEncoding = 4; lastKnownFileType = sourcecode.c.objc; path = GetWeather.m; sourceTree = "<group>"; };
		4209CBED1E4DA37600BABC28 /* WeatherPackage.h */ = {isa = PBXFileReference; lastKnownFileType = sourcecode.c.h; path = WeatherPackage.h; sourceTree = "<group>"; };
		4209CBEE1E4DA79700BABC28 /* WeatherPackage.m */ = {isa = PBXFileReference; fileEncoding = 4; lastKnownFileType = sourcecode.c.objc; path = WeatherPackage.m; sourceTree = "<group>"; };
		4209CBF01E4DB95D00BABC28 /* SystemConfiguration.framework */ = {isa = PBXFileReference; lastKnownFileType = wrapper.framework; name = SystemConfiguration.framework; path = System/Library/Frameworks/SystemConfiguration.framework; sourceTree = SDKROOT; };
		4209CBF51E4DBAE800BABC28 /* Info.plist */ = {isa = PBXFileReference; fileEncoding = 4; lastKnownFileType = text.plist.xml; path = Info.plist; sourceTree = "<group>"; };
		4209CBF71E4DBAE800BABC28 /* JSONModel.h */ = {isa = PBXFileReference; fileEncoding = 4; lastKnownFileType = sourcecode.c.h; path = JSONModel.h; sourceTree = "<group>"; };
		4209CBF81E4DBAE800BABC28 /* JSONModel.m */ = {isa = PBXFileReference; fileEncoding = 4; lastKnownFileType = sourcecode.c.objc; path = JSONModel.m; sourceTree = "<group>"; };
		4209CBF91E4DBAE800BABC28 /* JSONModelClassProperty.h */ = {isa = PBXFileReference; fileEncoding = 4; lastKnownFileType = sourcecode.c.h; path = JSONModelClassProperty.h; sourceTree = "<group>"; };
		4209CBFA1E4DBAE800BABC28 /* JSONModelClassProperty.m */ = {isa = PBXFileReference; fileEncoding = 4; lastKnownFileType = sourcecode.c.objc; path = JSONModelClassProperty.m; sourceTree = "<group>"; };
		4209CBFB1E4DBAE800BABC28 /* JSONModelError.h */ = {isa = PBXFileReference; fileEncoding = 4; lastKnownFileType = sourcecode.c.h; path = JSONModelError.h; sourceTree = "<group>"; };
		4209CBFC1E4DBAE800BABC28 /* JSONModelError.m */ = {isa = PBXFileReference; fileEncoding = 4; lastKnownFileType = sourcecode.c.objc; path = JSONModelError.m; sourceTree = "<group>"; };
		4209CBFD1E4DBAE800BABC28 /* JSONModelLib.h */ = {isa = PBXFileReference; fileEncoding = 4; lastKnownFileType = sourcecode.c.h; path = JSONModelLib.h; sourceTree = "<group>"; };
		4209CBFF1E4DBAE800BABC28 /* JSONAPI.h */ = {isa = PBXFileReference; fileEncoding = 4; lastKnownFileType = sourcecode.c.h; path = JSONAPI.h; sourceTree = "<group>"; };
		4209CC001E4DBAE800BABC28 /* JSONAPI.m */ = {isa = PBXFileReference; fileEncoding = 4; lastKnownFileType = sourcecode.c.objc; path = JSONAPI.m; sourceTree = "<group>"; };
		4209CC011E4DBAE800BABC28 /* JSONHTTPClient.h */ = {isa = PBXFileReference; fileEncoding = 4; lastKnownFileType = sourcecode.c.h; path = JSONHTTPClient.h; sourceTree = "<group>"; };
		4209CC021E4DBAE800BABC28 /* JSONHTTPClient.m */ = {isa = PBXFileReference; fileEncoding = 4; lastKnownFileType = sourcecode.c.objc; path = JSONHTTPClient.m; sourceTree = "<group>"; };
		4209CC031E4DBAE800BABC28 /* JSONModel+networking.h */ = {isa = PBXFileReference; fileEncoding = 4; lastKnownFileType = sourcecode.c.h; path = "JSONModel+networking.h"; sourceTree = "<group>"; };
		4209CC041E4DBAE800BABC28 /* JSONModel+networking.m */ = {isa = PBXFileReference; fileEncoding = 4; lastKnownFileType = sourcecode.c.objc; path = "JSONModel+networking.m"; sourceTree = "<group>"; };
		4209CC061E4DBAE800BABC28 /* JSONKeyMapper.h */ = {isa = PBXFileReference; fileEncoding = 4; lastKnownFileType = sourcecode.c.h; path = JSONKeyMapper.h; sourceTree = "<group>"; };
		4209CC071E4DBAE800BABC28 /* JSONKeyMapper.m */ = {isa = PBXFileReference; fileEncoding = 4; lastKnownFileType = sourcecode.c.objc; path = JSONKeyMapper.m; sourceTree = "<group>"; };
		4209CC081E4DBAE800BABC28 /* JSONValueTransformer.h */ = {isa = PBXFileReference; fileEncoding = 4; lastKnownFileType = sourcecode.c.h; path = JSONValueTransformer.h; sourceTree = "<group>"; };
		4209CC091E4DBAE800BABC28 /* JSONValueTransformer.m */ = {isa = PBXFileReference; fileEncoding = 4; lastKnownFileType = sourcecode.c.objc; path = JSONValueTransformer.m; sourceTree = "<group>"; };
		4209CC0A1E4DBAE800BABC28 /* module.modulemap */ = {isa = PBXFileReference; fileEncoding = 4; lastKnownFileType = "sourcecode.module-map"; path = module.modulemap; sourceTree = "<group>"; };
		423FA6F51E4B310500104BFB /* RADeviceName.h */ = {isa = PBXFileReference; lastKnownFileType = sourcecode.c.h; path = RADeviceName.h; sourceTree = "<group>"; };
		423FA6F61E4B315200104BFB /* RADeviceName.m */ = {isa = PBXFileReference; fileEncoding = 4; lastKnownFileType = sourcecode.c.objc; path = RADeviceName.m; sourceTree = "<group>"; };
		423FA6F91E4B386200104BFB /* RAOperativeSystem.h */ = {isa = PBXFileReference; lastKnownFileType = sourcecode.c.h; path = RAOperativeSystem.h; sourceTree = "<group>"; };
		423FA6FA1E4B391400104BFB /* RAOperativeSystem.m */ = {isa = PBXFileReference; fileEncoding = 4; lastKnownFileType = sourcecode.c.objc; path = RAOperativeSystem.m; sourceTree = "<group>"; };
		423FA6FC1E4B3A4A00104BFB /* RAOSVersion.h */ = {isa = PBXFileReference; lastKnownFileType = sourcecode.c.h; path = RAOSVersion.h; sourceTree = "<group>"; };
		423FA6FD1E4B3A9100104BFB /* RAOSVersion.m */ = {isa = PBXFileReference; fileEncoding = 4; lastKnownFileType = sourcecode.c.objc; path = RAOSVersion.m; sourceTree = "<group>"; };
		423FA6FF1E4B3E0000104BFB /* RADeviceModel.h */ = {isa = PBXFileReference; lastKnownFileType = sourcecode.c.h; path = RADeviceModel.h; sourceTree = "<group>"; };
		423FA7001E4B3E3300104BFB /* RADeviceModel.m */ = {isa = PBXFileReference; fileEncoding = 4; lastKnownFileType = sourcecode.c.objc; path = RADeviceModel.m; sourceTree = "<group>"; };
		423FA7021E4B3EC400104BFB /* RADeviceID.h */ = {isa = PBXFileReference; lastKnownFileType = sourcecode.c.h; path = RADeviceID.h; sourceTree = "<group>"; };
		423FA7031E4B3EEC00104BFB /* RADeviceID.m */ = {isa = PBXFileReference; fileEncoding = 4; lastKnownFileType = sourcecode.c.objc; path = RADeviceID.m; sourceTree = "<group>"; };
		4249B95C1E54692400E40089 /* RACityName.h */ = {isa = PBXFileReference; lastKnownFileType = sourcecode.c.h; path = RACityName.h; sourceTree = "<group>"; };
		4249B95D1E54693300E40089 /* RACityName.m */ = {isa = PBXFileReference; fileEncoding = 4; lastKnownFileType = sourcecode.c.objc; path = RACityName.m; sourceTree = "<group>"; };
		42516D9E1E4C5B7C00011E6A /* RANetStatus.h */ = {isa = PBXFileReference; lastKnownFileType = sourcecode.c.h; path = RANetStatus.h; sourceTree = "<group>"; };
		42516D9F1E4C5CCB00011E6A /* RANetStatus.m */ = {isa = PBXFileReference; fileEncoding = 4; lastKnownFileType = sourcecode.c.objc; path = RANetStatus.m; sourceTree = "<group>"; };
		425286111E4488E20058F2EF /* RAGetCurrentMinutes.h */ = {isa = PBXFileReference; lastKnownFileType = sourcecode.c.h; path = RAGetCurrentMinutes.h; sourceTree = "<group>"; };
		425286121E44890F0058F2EF /* RAGetCurrentMinutes.m */ = {isa = PBXFileReference; fileEncoding = 4; lastKnownFileType = sourcecode.c.objc; path = RAGetCurrentMinutes.m; sourceTree = "<group>"; };
		425286141E448BA60058F2EF /* RAGetCurrentHour.h */ = {isa = PBXFileReference; lastKnownFileType = sourcecode.c.h; path = RAGetCurrentHour.h; sourceTree = "<group>"; };
		425286151E448C020058F2EF /* RAGetCurrentHour.m */ = {isa = PBXFileReference; fileEncoding = 4; lastKnownFileType = sourcecode.c.objc; path = RAGetCurrentHour.m; sourceTree = "<group>"; };
		425286171E449ED70058F2EF /* RAGetCurrentDate.h */ = {isa = PBXFileReference; lastKnownFileType = sourcecode.c.h; path = RAGetCurrentDate.h; sourceTree = "<group>"; };
		425286181E449F530058F2EF /* RAGetCurrentDate.m */ = {isa = PBXFileReference; fileEncoding = 4; lastKnownFileType = sourcecode.c.objc; path = RAGetCurrentDate.m; sourceTree = "<group>"; };
		4262648E1E6991740055C26C /* APIModel.h */ = {isa = PBXFileReference; lastKnownFileType = sourcecode.c.h; path = APIModel.h; sourceTree = "<group>"; };
		4262648F1E6993D50055C26C /* APIModel.m */ = {isa = PBXFileReference; fileEncoding = 4; lastKnownFileType = sourcecode.c.objc; path = APIModel.m; sourceTree = "<group>"; };
		4299CD711E5462C1003ACF1B /* RACountryCode.h */ = {isa = PBXFileReference; lastKnownFileType = sourcecode.c.h; path = RACountryCode.h; sourceTree = "<group>"; };
		4299CD721E5462F6003ACF1B /* RACountryCode.m */ = {isa = PBXFileReference; fileEncoding = 4; lastKnownFileType = sourcecode.c.objc; path = RACountryCode.m; sourceTree = "<group>"; };
		42E5B02E1E6D6FE5009EBE42 /* CallModel.h */ = {isa = PBXFileReference; lastKnownFileType = sourcecode.c.h; path = CallModel.h; sourceTree = "<group>"; };
		42E5B02F1E6D72E5009EBE42 /* CallModel.m */ = {isa = PBXFileReference; fileEncoding = 4; lastKnownFileType = sourcecode.c.objc; path = CallModel.m; sourceTree = "<group>"; };
		C784686C3FFBF4AD7B6A1792 /* Pods-TriggersV3.release.xcconfig */ = {isa = PBXFileReference; includeInIndex = 1; lastKnownFileType = text.xcconfig; name = "Pods-TriggersV3.release.xcconfig"; path = "Pods/Target Support Files/Pods-TriggersV3/Pods-TriggersV3.release.xcconfig"; sourceTree = "<group>"; };
		F1B9F5E51E02AAE90024AB95 /* RABatteryLevelPercentage.h */ = {isa = PBXFileReference; fileEncoding = 4; lastKnownFileType = sourcecode.c.h; path = RABatteryLevelPercentage.h; sourceTree = "<group>"; };
		F1B9F5E61E02AAE90024AB95 /* RABatteryLevelPercentage.m */ = {isa = PBXFileReference; fileEncoding = 4; lastKnownFileType = sourcecode.c.objc; path = RABatteryLevelPercentage.m; sourceTree = "<group>"; };
		F1B9F5E81E02AD060024AB95 /* RAGetCurrentSeconds.h */ = {isa = PBXFileReference; fileEncoding = 4; lastKnownFileType = sourcecode.c.h; path = RAGetCurrentSeconds.h; sourceTree = "<group>"; };
		F1B9F5E91E02AD060024AB95 /* RAGetCurrentSeconds.m */ = {isa = PBXFileReference; fileEncoding = 4; lastKnownFileType = sourcecode.c.objc; path = RAGetCurrentSeconds.m; sourceTree = "<group>"; };
		F1B9F5EB1E02B0040024AB95 /* WriteAction.h */ = {isa = PBXFileReference; fileEncoding = 4; lastKnownFileType = sourcecode.c.h; path = WriteAction.h; sourceTree = "<group>"; };
		F1B9F5EC1E02B0040024AB95 /* WriteAction.m */ = {isa = PBXFileReference; fileEncoding = 4; lastKnownFileType = sourcecode.c.objc; path = WriteAction.m; sourceTree = "<group>"; };
		F1B9F5EF1E02B0340024AB95 /* WADevice.h */ = {isa = PBXFileReference; fileEncoding = 4; lastKnownFileType = sourcecode.c.h; path = WADevice.h; sourceTree = "<group>"; };
		F1B9F5F01E02B0340024AB95 /* WADevice.m */ = {isa = PBXFileReference; fileEncoding = 4; lastKnownFileType = sourcecode.c.objc; path = WADevice.m; sourceTree = "<group>"; };
		F1B9F5F41E02B0810024AB95 /* WAConsole.h */ = {isa = PBXFileReference; fileEncoding = 4; lastKnownFileType = sourcecode.c.h; path = WAConsole.h; sourceTree = "<group>"; };
		F1B9F5F51E02B0810024AB95 /* WAConsole.m */ = {isa = PBXFileReference; fileEncoding = 4; lastKnownFileType = sourcecode.c.objc; path = WAConsole.m; sourceTree = "<group>"; };
		F1B9F5F71E02D26A0024AB95 /* WAVisualAlert.h */ = {isa = PBXFileReference; fileEncoding = 4; lastKnownFileType = sourcecode.c.h; path = WAVisualAlert.h; sourceTree = "<group>"; };
		F1B9F5F81E02D26A0024AB95 /* WAVisualAlert.m */ = {isa = PBXFileReference; fileEncoding = 4; lastKnownFileType = sourcecode.c.objc; path = WAVisualAlert.m; sourceTree = "<group>"; };
		F1B9F5FA1E03EB560024AB95 /* WARest.h */ = {isa = PBXFileReference; fileEncoding = 4; lastKnownFileType = sourcecode.c.h; path = WARest.h; sourceTree = "<group>"; };
		F1B9F5FB1E03EB560024AB95 /* WARest.m */ = {isa = PBXFileReference; fileEncoding = 4; lastKnownFileType = sourcecode.c.objc; path = WARest.m; sourceTree = "<group>"; };
		F1B9F5FD1E04051E0024AB95 /* RAObject.h */ = {isa = PBXFileReference; fileEncoding = 4; lastKnownFileType = sourcecode.c.h; path = RAObject.h; sourceTree = "<group>"; };
		F1B9F5FE1E04051E0024AB95 /* RAObject.m */ = {isa = PBXFileReference; fileEncoding = 4; lastKnownFileType = sourcecode.c.objc; path = RAObject.m; sourceTree = "<group>"; };
		F1B9F6001E0409500024AB95 /* WAUpdateObjectAttribute.h */ = {isa = PBXFileReference; fileEncoding = 4; lastKnownFileType = sourcecode.c.h; path = WAUpdateObjectAttribute.h; sourceTree = "<group>"; };
		F1B9F6011E0409500024AB95 /* WAUpdateObjectAttribute.m */ = {isa = PBXFileReference; fileEncoding = 4; lastKnownFileType = sourcecode.c.objc; path = WAUpdateObjectAttribute.m; sourceTree = "<group>"; };
		F1B9F6041E0815650024AB95 /* DefaultView.h */ = {isa = PBXFileReference; fileEncoding = 4; lastKnownFileType = sourcecode.c.h; path = DefaultView.h; sourceTree = "<group>"; };
		F1B9F6051E0815650024AB95 /* DefaultView.m */ = {isa = PBXFileReference; fileEncoding = 4; lastKnownFileType = sourcecode.c.objc; path = DefaultView.m; sourceTree = "<group>"; };
		F1B9F6071E0815730024AB95 /* DefaultView.xib */ = {isa = PBXFileReference; fileEncoding = 4; lastKnownFileType = file.xib; path = DefaultView.xib; sourceTree = "<group>"; };
		F1B9F60A1E0818DE0024AB95 /* CurrentDeviceLocationView.h */ = {isa = PBXFileReference; fileEncoding = 4; lastKnownFileType = sourcecode.c.h; path = CurrentDeviceLocationView.h; sourceTree = "<group>"; };
		F1B9F60B1E0818DE0024AB95 /* CurrentDeviceLocationView.m */ = {isa = PBXFileReference; fileEncoding = 4; lastKnownFileType = sourcecode.c.objc; path = CurrentDeviceLocationView.m; sourceTree = "<group>"; };
		F1B9F60D1E0818E80024AB95 /* CurrentDeviceLocationView.xib */ = {isa = PBXFileReference; fileEncoding = 4; lastKnownFileType = file.xib; path = CurrentDeviceLocationView.xib; sourceTree = "<group>"; };
		F1B9F6101E081A790024AB95 /* MapKit.framework */ = {isa = PBXFileReference; lastKnownFileType = wrapper.framework; name = MapKit.framework; path = System/Library/Frameworks/MapKit.framework; sourceTree = SDKROOT; };
		F1D575D51E0145F900AC10DE /* TriggersV3.app */ = {isa = PBXFileReference; explicitFileType = wrapper.application; includeInIndex = 0; path = TriggersV3.app; sourceTree = BUILT_PRODUCTS_DIR; };
		F1D575D91E0145F900AC10DE /* main.m */ = {isa = PBXFileReference; lastKnownFileType = sourcecode.c.objc; path = main.m; sourceTree = "<group>"; };
		F1D575DB1E0145F900AC10DE /* AppDelegate.h */ = {isa = PBXFileReference; lastKnownFileType = sourcecode.c.h; path = AppDelegate.h; sourceTree = "<group>"; };
		F1D575DC1E0145F900AC10DE /* AppDelegate.m */ = {isa = PBXFileReference; lastKnownFileType = sourcecode.c.objc; path = AppDelegate.m; sourceTree = "<group>"; };
		F1D575DE1E0145F900AC10DE /* ViewController.h */ = {isa = PBXFileReference; lastKnownFileType = sourcecode.c.h; path = ViewController.h; sourceTree = "<group>"; };
		F1D575DF1E0145F900AC10DE /* ViewController.m */ = {isa = PBXFileReference; lastKnownFileType = sourcecode.c.objc; path = ViewController.m; sourceTree = "<group>"; };
		F1D575E21E0145F900AC10DE /* Base */ = {isa = PBXFileReference; lastKnownFileType = file.storyboard; name = Base; path = Base.lproj/Main.storyboard; sourceTree = "<group>"; };
		F1D575E41E0145F900AC10DE /* Assets.xcassets */ = {isa = PBXFileReference; lastKnownFileType = folder.assetcatalog; path = Assets.xcassets; sourceTree = "<group>"; };
		F1D575E71E0145F900AC10DE /* Base */ = {isa = PBXFileReference; lastKnownFileType = file.storyboard; name = Base; path = Base.lproj/LaunchScreen.storyboard; sourceTree = "<group>"; };
		F1D575E91E0145F900AC10DE /* Info.plist */ = {isa = PBXFileReference; lastKnownFileType = text.plist.xml; path = Info.plist; sourceTree = "<group>"; };
		F1D575EF1E01462000AC10DE /* Action.h */ = {isa = PBXFileReference; fileEncoding = 4; lastKnownFileType = sourcecode.c.h; path = Action.h; sourceTree = "<group>"; };
		F1D575F01E01462000AC10DE /* Action.m */ = {isa = PBXFileReference; fileEncoding = 4; lastKnownFileType = sourcecode.c.objc; path = Action.m; sourceTree = "<group>"; };
		F1D575F11E01462000AC10DE /* ClassAttribute.h */ = {isa = PBXFileReference; fileEncoding = 4; lastKnownFileType = sourcecode.c.h; path = ClassAttribute.h; sourceTree = "<group>"; };
		F1D575F21E01462000AC10DE /* ClassAttribute.m */ = {isa = PBXFileReference; fileEncoding = 4; lastKnownFileType = sourcecode.c.objc; path = ClassAttribute.m; sourceTree = "<group>"; };
		F1D575F31E01462000AC10DE /* Condition.h */ = {isa = PBXFileReference; fileEncoding = 4; lastKnownFileType = sourcecode.c.h; path = Condition.h; sourceTree = "<group>"; };
		F1D575F41E01462000AC10DE /* Condition.m */ = {isa = PBXFileReference; fileEncoding = 4; lastKnownFileType = sourcecode.c.objc; path = Condition.m; sourceTree = "<group>"; };
		F1D575F51E01462000AC10DE /* Object.h */ = {isa = PBXFileReference; fileEncoding = 4; lastKnownFileType = sourcecode.c.h; path = Object.h; sourceTree = "<group>"; };
		F1D575F61E01462000AC10DE /* Object.m */ = {isa = PBXFileReference; fileEncoding = 4; lastKnownFileType = sourcecode.c.objc; path = Object.m; sourceTree = "<group>"; };
		F1D575F71E01462000AC10DE /* ReadAction.h */ = {isa = PBXFileReference; fileEncoding = 4; lastKnownFileType = sourcecode.c.h; path = ReadAction.h; sourceTree = "<group>"; };
		F1D575F81E01462000AC10DE /* ReadAction.m */ = {isa = PBXFileReference; fileEncoding = 4; lastKnownFileType = sourcecode.c.objc; path = ReadAction.m; sourceTree = "<group>"; };
		F1D575F91E01462000AC10DE /* Trigger.h */ = {isa = PBXFileReference; fileEncoding = 4; lastKnownFileType = sourcecode.c.h; path = Trigger.h; sourceTree = "<group>"; };
		F1D575FA1E01462000AC10DE /* Trigger.m */ = {isa = PBXFileReference; fileEncoding = 4; lastKnownFileType = sourcecode.c.objc; path = Trigger.m; sourceTree = "<group>"; };
		F1D576021E0149DA00AC10DE /* RADevice.h */ = {isa = PBXFileReference; fileEncoding = 4; lastKnownFileType = sourcecode.c.h; path = RADevice.h; sourceTree = "<group>"; };
		F1D576031E0149DA00AC10DE /* RADevice.m */ = {isa = PBXFileReference; fileEncoding = 4; lastKnownFileType = sourcecode.c.objc; path = RADevice.m; sourceTree = "<group>"; };
		F1D576051E0149E600AC10DE /* RARest.h */ = {isa = PBXFileReference; fileEncoding = 4; lastKnownFileType = sourcecode.c.h; path = RARest.h; sourceTree = "<group>"; };
		F1D576061E0149E600AC10DE /* RARest.m */ = {isa = PBXFileReference; fileEncoding = 4; lastKnownFileType = sourcecode.c.objc; path = RARest.m; sourceTree = "<group>"; };
		F1D576081E0149FC00AC10DE /* RABatteryLevelNormalized.h */ = {isa = PBXFileReference; fileEncoding = 4; lastKnownFileType = sourcecode.c.h; path = RABatteryLevelNormalized.h; sourceTree = "<group>"; };
		F1D576091E0149FC00AC10DE /* RABatteryLevelNormalized.m */ = {isa = PBXFileReference; fileEncoding = 4; lastKnownFileType = sourcecode.c.objc; path = RABatteryLevelNormalized.m; sourceTree = "<group>"; };
		F1D5760C1E014A7700AC10DE /* RABatteryStatus.h */ = {isa = PBXFileReference; fileEncoding = 4; lastKnownFileType = sourcecode.c.h; path = RABatteryStatus.h; sourceTree = "<group>"; };
		F1D5760D1E014A7700AC10DE /* RABatteryStatus.m */ = {isa = PBXFileReference; fileEncoding = 4; lastKnownFileType = sourcecode.c.objc; path = RABatteryStatus.m; sourceTree = "<group>"; };
		F1D5760F1E014ABD00AC10DE /* RADeviceOrientation.h */ = {isa = PBXFileReference; fileEncoding = 4; lastKnownFileType = sourcecode.c.h; path = RADeviceOrientation.h; sourceTree = "<group>"; };
		F1D576101E014ABD00AC10DE /* RADeviceOrientation.m */ = {isa = PBXFileReference; fileEncoding = 4; lastKnownFileType = sourcecode.c.objc; path = RADeviceOrientation.m; sourceTree = "<group>"; };
		F1D576121E014F3000AC10DE /* LocationManager.h */ = {isa = PBXFileReference; fileEncoding = 4; lastKnownFileType = sourcecode.c.h; path = LocationManager.h; sourceTree = "<group>"; };
		F1D576131E014F3000AC10DE /* LocationManager.m */ = {isa = PBXFileReference; fileEncoding = 4; lastKnownFileType = sourcecode.c.objc; path = LocationManager.m; sourceTree = "<group>"; };
		F1D576151E015AB000AC10DE /* RACurrentDeviceLocation.h */ = {isa = PBXFileReference; fileEncoding = 4; lastKnownFileType = sourcecode.c.h; path = RACurrentDeviceLocation.h; sourceTree = "<group>"; };
		F1D576161E015AB000AC10DE /* RACurrentDeviceLocation.m */ = {isa = PBXFileReference; fileEncoding = 4; lastKnownFileType = sourcecode.c.objc; path = RACurrentDeviceLocation.m; sourceTree = "<group>"; };
		F1D576181E015BF900AC10DE /* Value.h */ = {isa = PBXFileReference; fileEncoding = 4; lastKnownFileType = sourcecode.c.h; path = Value.h; sourceTree = "<group>"; };
		F1D576191E015BF900AC10DE /* Value.m */ = {isa = PBXFileReference; fileEncoding = 4; lastKnownFileType = sourcecode.c.objc; path = Value.m; sourceTree = "<group>"; };
		F1D5761B1E015C1E00AC10DE /* NumberValue.h */ = {isa = PBXFileReference; fileEncoding = 4; lastKnownFileType = sourcecode.c.h; path = NumberValue.h; sourceTree = "<group>"; };
		F1D5761C1E015C1E00AC10DE /* NumberValue.m */ = {isa = PBXFileReference; fileEncoding = 4; lastKnownFileType = sourcecode.c.objc; path = NumberValue.m; sourceTree = "<group>"; };
		F1D5761F1E015D9900AC10DE /* StringValue.h */ = {isa = PBXFileReference; fileEncoding = 4; lastKnownFileType = sourcecode.c.h; path = StringValue.h; sourceTree = "<group>"; };
		F1D576201E015D9900AC10DE /* StringValue.m */ = {isa = PBXFileReference; fileEncoding = 4; lastKnownFileType = sourcecode.c.objc; path = StringValue.m; sourceTree = "<group>"; };
		F70C1C1D914986A92FB9B879 /* libPods-TriggersV3.a */ = {isa = PBXFileReference; explicitFileType = archive.ar; includeInIndex = 0; path = "libPods-TriggersV3.a"; sourceTree = BUILT_PRODUCTS_DIR; };
/* End PBXFileReference section */

/* Begin PBXFrameworksBuildPhase section */
		F1D575D21E0145F900AC10DE /* Frameworks */ = {
			isa = PBXFrameworksBuildPhase;
			buildActionMask = 2147483647;
			files = (
				4209CBF11E4DB95D00BABC28 /* SystemConfiguration.framework in Frameworks */,
				F1B9F6111E081A790024AB95 /* MapKit.framework in Frameworks */,
				7C380F548DEB839850DF062F /* libPods-TriggersV3.a in Frameworks */,
			);
			runOnlyForDeploymentPostprocessing = 0;
		};
/* End PBXFrameworksBuildPhase section */

/* Begin PBXGroup section */
		4209CBF41E4DBAE800BABC28 /* JSONModel */ = {
			isa = PBXGroup;
			children = (
				4209CBF51E4DBAE800BABC28 /* Info.plist */,
				4209CBF61E4DBAE800BABC28 /* JSONModel */,
				4209CBFD1E4DBAE800BABC28 /* JSONModelLib.h */,
				4209CBFE1E4DBAE800BABC28 /* JSONModelNetworking */,
				4209CC051E4DBAE800BABC28 /* JSONModelTransformations */,
				4209CC0A1E4DBAE800BABC28 /* module.modulemap */,
			);
			path = JSONModel;
			sourceTree = "<group>";
		};
		4209CBF61E4DBAE800BABC28 /* JSONModel */ = {
			isa = PBXGroup;
			children = (
				4209CBF71E4DBAE800BABC28 /* JSONModel.h */,
				4209CBF81E4DBAE800BABC28 /* JSONModel.m */,
				4209CBF91E4DBAE800BABC28 /* JSONModelClassProperty.h */,
				4209CBFA1E4DBAE800BABC28 /* JSONModelClassProperty.m */,
				4209CBFB1E4DBAE800BABC28 /* JSONModelError.h */,
				4209CBFC1E4DBAE800BABC28 /* JSONModelError.m */,
			);
			path = JSONModel;
			sourceTree = "<group>";
		};
		4209CBFE1E4DBAE800BABC28 /* JSONModelNetworking */ = {
			isa = PBXGroup;
			children = (
				4209CBFF1E4DBAE800BABC28 /* JSONAPI.h */,
				4209CC001E4DBAE800BABC28 /* JSONAPI.m */,
				4209CC011E4DBAE800BABC28 /* JSONHTTPClient.h */,
				4209CC021E4DBAE800BABC28 /* JSONHTTPClient.m */,
				4209CC031E4DBAE800BABC28 /* JSONModel+networking.h */,
				4209CC041E4DBAE800BABC28 /* JSONModel+networking.m */,
			);
			path = JSONModelNetworking;
			sourceTree = "<group>";
		};
		4209CC051E4DBAE800BABC28 /* JSONModelTransformations */ = {
			isa = PBXGroup;
			children = (
				4209CC061E4DBAE800BABC28 /* JSONKeyMapper.h */,
				4209CC071E4DBAE800BABC28 /* JSONKeyMapper.m */,
				4209CC081E4DBAE800BABC28 /* JSONValueTransformer.h */,
				4209CC091E4DBAE800BABC28 /* JSONValueTransformer.m */,
			);
			path = JSONModelTransformations;
			sourceTree = "<group>";
		};
		423FA6F81E4B380700104BFB /* DeviceInfo */ = {
			isa = PBXGroup;
			children = (
				4209CBE81E4C629A00BABC28 /* Reachability.m */,
				4209CBE71E4C628200BABC28 /* Reachability.h */,
				F1D5760B1E0149FF00AC10DE /* Battery Info */,
				F1D5760F1E014ABD00AC10DE /* RADeviceOrientation.h */,
				F1D576101E014ABD00AC10DE /* RADeviceOrientation.m */,
				423FA6F51E4B310500104BFB /* RADeviceName.h */,
				423FA6F61E4B315200104BFB /* RADeviceName.m */,
				423FA6F91E4B386200104BFB /* RAOperativeSystem.h */,
				423FA6FA1E4B391400104BFB /* RAOperativeSystem.m */,
				423FA6FC1E4B3A4A00104BFB /* RAOSVersion.h */,
				423FA6FD1E4B3A9100104BFB /* RAOSVersion.m */,
				423FA6FF1E4B3E0000104BFB /* RADeviceModel.h */,
				423FA7001E4B3E3300104BFB /* RADeviceModel.m */,
				423FA7021E4B3EC400104BFB /* RADeviceID.h */,
				423FA7031E4B3EEC00104BFB /* RADeviceID.m */,
				42516D9E1E4C5B7C00011E6A /* RANetStatus.h */,
				42516D9F1E4C5CCB00011E6A /* RANetStatus.m */,
			);
			name = DeviceInfo;
			sourceTree = "<group>";
		};
		4262648D1E698F8C0055C26C /* Models */ = {
			isa = PBXGroup;
			children = (
				4209CBED1E4DA37600BABC28 /* WeatherPackage.h */,
				4209CBEE1E4DA79700BABC28 /* WeatherPackage.m */,
				4262648E1E6991740055C26C /* APIModel.h */,
				4262648F1E6993D50055C26C /* APIModel.m */,
				42E5B02E1E6D6FE5009EBE42 /* CallModel.h */,
				42E5B02F1E6D72E5009EBE42 /* CallModel.m */,
			);
			name = Models;
			sourceTree = "<group>";
		};
		E2392F22A560B456D4B5FE50 /* Pods */ = {
			isa = PBXGroup;
			children = (
				2B5F790DF34D64239DA482BB /* Pods-TriggersV3.debug.xcconfig */,
				C784686C3FFBF4AD7B6A1792 /* Pods-TriggersV3.release.xcconfig */,
			);
			name = Pods;
			sourceTree = "<group>";
		};
		F1B9F5EE1E02B00D0024AB95 /* WriteActions */ = {
			isa = PBXGroup;
			children = (
				F1B9F5EB1E02B0040024AB95 /* WriteAction.h */,
				F1B9F5EC1E02B0040024AB95 /* WriteAction.m */,
				F1B9F5EF1E02B0340024AB95 /* WADevice.h */,
				F1B9F5F01E02B0340024AB95 /* WADevice.m */,
				F1B9F5F41E02B0810024AB95 /* WAConsole.h */,
				F1B9F5F51E02B0810024AB95 /* WAConsole.m */,
				F1B9F5F71E02D26A0024AB95 /* WAVisualAlert.h */,
				F1B9F5F81E02D26A0024AB95 /* WAVisualAlert.m */,
				F1B9F5FA1E03EB560024AB95 /* WARest.h */,
				F1B9F5FB1E03EB560024AB95 /* WARest.m */,
				F1B9F6001E0409500024AB95 /* WAUpdateObjectAttribute.h */,
				F1B9F6011E0409500024AB95 /* WAUpdateObjectAttribute.m */,
			);
			name = WriteActions;
			sourceTree = "<group>";
		};
		F1B9F5F21E02B04A0024AB95 /* DateAndTime */ = {
			isa = PBXGroup;
			children = (
				F1B9F5E81E02AD060024AB95 /* RAGetCurrentSeconds.h */,
				F1B9F5E91E02AD060024AB95 /* RAGetCurrentSeconds.m */,
				425286111E4488E20058F2EF /* RAGetCurrentMinutes.h */,
				425286121E44890F0058F2EF /* RAGetCurrentMinutes.m */,
				425286141E448BA60058F2EF /* RAGetCurrentHour.h */,
				425286151E448C020058F2EF /* RAGetCurrentHour.m */,
				425286171E449ED70058F2EF /* RAGetCurrentDate.h */,
				425286181E449F530058F2EF /* RAGetCurrentDate.m */,
			);
			name = DateAndTime;
			sourceTree = "<group>";
		};
		F1B9F5F31E02B0560024AB95 /* Location */ = {
			isa = PBXGroup;
			children = (
				F1B9F6091E0818B70024AB95 /* CurrentDeviceLocation */,
				4299CD711E5462C1003ACF1B /* RACountryCode.h */,
				4299CD721E5462F6003ACF1B /* RACountryCode.m */,
				4249B95C1E54692400E40089 /* RACityName.h */,
				4249B95D1E54693300E40089 /* RACityName.m */,
			);
			name = Location;
			sourceTree = "<group>";
		};
		F1B9F6031E0815530024AB95 /* Views */ = {
			isa = PBXGroup;
			children = (
				F1B9F6041E0815650024AB95 /* DefaultView.h */,
				F1B9F6051E0815650024AB95 /* DefaultView.m */,
				F1B9F6071E0815730024AB95 /* DefaultView.xib */,
			);
			name = Views;
			sourceTree = "<group>";
		};
		F1B9F6091E0818B70024AB95 /* CurrentDeviceLocation */ = {
			isa = PBXGroup;
			children = (
				F1D576151E015AB000AC10DE /* RACurrentDeviceLocation.h */,
				F1D576161E015AB000AC10DE /* RACurrentDeviceLocation.m */,
				F1B9F60A1E0818DE0024AB95 /* CurrentDeviceLocationView.h */,
				F1B9F60B1E0818DE0024AB95 /* CurrentDeviceLocationView.m */,
				F1B9F60D1E0818E80024AB95 /* CurrentDeviceLocationView.xib */,
			);
			name = CurrentDeviceLocation;
			sourceTree = "<group>";
		};
		F1B9F60F1E081A790024AB95 /* Frameworks */ = {
			isa = PBXGroup;
			children = (
				4209CBF01E4DB95D00BABC28 /* SystemConfiguration.framework */,
				F1B9F6101E081A790024AB95 /* MapKit.framework */,
				F70C1C1D914986A92FB9B879 /* libPods-TriggersV3.a */,
			);
			name = Frameworks;
			sourceTree = "<group>";
		};
		F1D575CC1E0145F900AC10DE = {
			isa = PBXGroup;
			children = (
				F1D575D71E0145F900AC10DE /* TriggersV3 */,
				F1D575D61E0145F900AC10DE /* Products */,
				F1B9F60F1E081A790024AB95 /* Frameworks */,
				E2392F22A560B456D4B5FE50 /* Pods */,
			);
			sourceTree = "<group>";
		};
		F1D575D61E0145F900AC10DE /* Products */ = {
			isa = PBXGroup;
			children = (
				F1D575D51E0145F900AC10DE /* TriggersV3.app */,
			);
			name = Products;
			sourceTree = "<group>";
		};
		F1D575D71E0145F900AC10DE /* TriggersV3 */ = {
			isa = PBXGroup;
			children = (
				4209CBF41E4DBAE800BABC28 /* JSONModel */,
				F1D576121E014F3000AC10DE /* LocationManager.h */,
				F1D576131E014F3000AC10DE /* LocationManager.m */,
				F1D575DB1E0145F900AC10DE /* AppDelegate.h */,
				F1D575DC1E0145F900AC10DE /* AppDelegate.m */,
				F1D575DE1E0145F900AC10DE /* ViewController.h */,
				F1D575DF1E0145F900AC10DE /* ViewController.m */,
				F1D575EF1E01462000AC10DE /* Action.h */,
				F1D575F01E01462000AC10DE /* Action.m */,
				F1B9F6031E0815530024AB95 /* Views */,
				F1B9F5EE1E02B00D0024AB95 /* WriteActions */,
				F1D576011E0149AE00AC10DE /* ReadActions */,
				F1D575F51E01462000AC10DE /* Object.h */,
				F1D575F61E01462000AC10DE /* Object.m */,
				F1D5761E1E015C2200AC10DE /* Value */,
				F1D575F11E01462000AC10DE /* ClassAttribute.h */,
				F1D575F21E01462000AC10DE /* ClassAttribute.m */,
				F1D575F31E01462000AC10DE /* Condition.h */,
				F1D575F41E01462000AC10DE /* Condition.m */,
				F1D575F91E01462000AC10DE /* Trigger.h */,
				F1D575FA1E01462000AC10DE /* Trigger.m */,
				F1D575E11E0145F900AC10DE /* Main.storyboard */,
				F1D575E41E0145F900AC10DE /* Assets.xcassets */,
				F1D575E61E0145F900AC10DE /* LaunchScreen.storyboard */,
				F1D575E91E0145F900AC10DE /* Info.plist */,
				F1D575D81E0145F900AC10DE /* Supporting Files */,
				4209CBEA1E4C662900BABC28 /* GetWeather.h */,
				4209CBEB1E4C675800BABC28 /* GetWeather.m */,
				4262648D1E698F8C0055C26C /* Models */,
			);
			path = TriggersV3;
			sourceTree = "<group>";
		};
		F1D575D81E0145F900AC10DE /* Supporting Files */ = {
			isa = PBXGroup;
			children = (
				F1D575D91E0145F900AC10DE /* main.m */,
			);
			name = "Supporting Files";
			sourceTree = "<group>";
		};
		F1D576011E0149AE00AC10DE /* ReadActions */ = {
			isa = PBXGroup;
			children = (
				F1D575F71E01462000AC10DE /* ReadAction.h */,
				F1D575F81E01462000AC10DE /* ReadAction.m */,
				F1D576051E0149E600AC10DE /* RARest.h */,
				F1D576061E0149E600AC10DE /* RARest.m */,
				F1D576021E0149DA00AC10DE /* RADevice.h */,
				F1D576031E0149DA00AC10DE /* RADevice.m */,
				F1B9F5FD1E04051E0024AB95 /* RAObject.h */,
				F1B9F5FE1E04051E0024AB95 /* RAObject.m */,
				F1B9F5F31E02B0560024AB95 /* Location */,
				F1B9F5F21E02B04A0024AB95 /* DateAndTime */,
				423FA6F81E4B380700104BFB /* DeviceInfo */,
			);
			name = ReadActions;
			sourceTree = "<group>";
		};
		F1D5760B1E0149FF00AC10DE /* Battery Info */ = {
			isa = PBXGroup;
			children = (
				F1D576081E0149FC00AC10DE /* RABatteryLevelNormalized.h */,
				F1D576091E0149FC00AC10DE /* RABatteryLevelNormalized.m */,
				F1B9F5E51E02AAE90024AB95 /* RABatteryLevelPercentage.h */,
				F1B9F5E61E02AAE90024AB95 /* RABatteryLevelPercentage.m */,
				F1D5760C1E014A7700AC10DE /* RABatteryStatus.h */,
				F1D5760D1E014A7700AC10DE /* RABatteryStatus.m */,
			);
			name = "Battery Info";
			sourceTree = "<group>";
		};
		F1D5761E1E015C2200AC10DE /* Value */ = {
			isa = PBXGroup;
			children = (
				F1D576181E015BF900AC10DE /* Value.h */,
				F1D576191E015BF900AC10DE /* Value.m */,
				F1D5761B1E015C1E00AC10DE /* NumberValue.h */,
				F1D5761C1E015C1E00AC10DE /* NumberValue.m */,
				F1D5761F1E015D9900AC10DE /* StringValue.h */,
				F1D576201E015D9900AC10DE /* StringValue.m */,
			);
			name = Value;
			sourceTree = "<group>";
		};
/* End PBXGroup section */

/* Begin PBXNativeTarget section */
		F1D575D41E0145F900AC10DE /* TriggersV3 */ = {
			isa = PBXNativeTarget;
			buildConfigurationList = F1D575EC1E0145F900AC10DE /* Build configuration list for PBXNativeTarget "TriggersV3" */;
			buildPhases = (
				2687008D85538BF2B65BF20D /* [CP] Check Pods Manifest.lock */,
				F1D575D11E0145F900AC10DE /* Sources */,
				F1D575D21E0145F900AC10DE /* Frameworks */,
				F1D575D31E0145F900AC10DE /* Resources */,
				348BF1D416FB396DFF5190B1 /* [CP] Embed Pods Frameworks */,
				4DDCB0BCCC41FCE8240D9803 /* [CP] Copy Pods Resources */,
			);
			buildRules = (
			);
			dependencies = (
			);
			name = TriggersV3;
			productName = TriggersV3;
			productReference = F1D575D51E0145F900AC10DE /* TriggersV3.app */;
			productType = "com.apple.product-type.application";
		};
/* End PBXNativeTarget section */

/* Begin PBXProject section */
		F1D575CD1E0145F900AC10DE /* Project object */ = {
			isa = PBXProject;
			attributes = {
				LastUpgradeCheck = 0830;
				ORGANIZATIONNAME = Diego;
				TargetAttributes = {
					F1D575D41E0145F900AC10DE = {
						CreatedOnToolsVersion = 8.1;
						DevelopmentTeam = TEAF832HEC;
						ProvisioningStyle = Automatic;
					};
				};
			};
			buildConfigurationList = F1D575D01E0145F900AC10DE /* Build configuration list for PBXProject "TriggersV3" */;
			compatibilityVersion = "Xcode 3.2";
			developmentRegion = English;
			hasScannedForEncodings = 0;
			knownRegions = (
				en,
				Base,
			);
			mainGroup = F1D575CC1E0145F900AC10DE;
			productRefGroup = F1D575D61E0145F900AC10DE /* Products */;
			projectDirPath = "";
			projectRoot = "";
			targets = (
				F1D575D41E0145F900AC10DE /* TriggersV3 */,
			);
		};
/* End PBXProject section */

/* Begin PBXResourcesBuildPhase section */
		F1D575D31E0145F900AC10DE /* Resources */ = {
			isa = PBXResourcesBuildPhase;
			buildActionMask = 2147483647;
			files = (
				F1B9F6081E0815730024AB95 /* DefaultView.xib in Resources */,
				F1D575E81E0145F900AC10DE /* LaunchScreen.storyboard in Resources */,
				4209CC0B1E4DBAE800BABC28 /* Info.plist in Resources */,
				F1B9F60E1E0818E80024AB95 /* CurrentDeviceLocationView.xib in Resources */,
				F1D575E51E0145F900AC10DE /* Assets.xcassets in Resources */,
				F1D575E31E0145F900AC10DE /* Main.storyboard in Resources */,
			);
			runOnlyForDeploymentPostprocessing = 0;
		};
/* End PBXResourcesBuildPhase section */

/* Begin PBXShellScriptBuildPhase section */
		2687008D85538BF2B65BF20D /* [CP] Check Pods Manifest.lock */ = {
			isa = PBXShellScriptBuildPhase;
			buildActionMask = 2147483647;
			files = (
			);
			inputPaths = (
			);
			name = "[CP] Check Pods Manifest.lock";
			outputPaths = (
			);
			runOnlyForDeploymentPostprocessing = 0;
			shellPath = /bin/sh;
			shellScript = "diff \"${PODS_ROOT}/../Podfile.lock\" \"${PODS_ROOT}/Manifest.lock\" > /dev/null\nif [ $? != 0 ] ; then\n    # print error to STDERR\n    echo \"error: The sandbox is not in sync with the Podfile.lock. Run 'pod install' or update your CocoaPods installation.\" >&2\n    exit 1\nfi\n";
			showEnvVarsInLog = 0;
		};
		348BF1D416FB396DFF5190B1 /* [CP] Embed Pods Frameworks */ = {
			isa = PBXShellScriptBuildPhase;
			buildActionMask = 2147483647;
			files = (
			);
			inputPaths = (
			);
			name = "[CP] Embed Pods Frameworks";
			outputPaths = (
			);
			runOnlyForDeploymentPostprocessing = 0;
			shellPath = /bin/sh;
			shellScript = "\"${SRCROOT}/Pods/Target Support Files/Pods-TriggersV3/Pods-TriggersV3-frameworks.sh\"\n";
			showEnvVarsInLog = 0;
		};
		4DDCB0BCCC41FCE8240D9803 /* [CP] Copy Pods Resources */ = {
			isa = PBXShellScriptBuildPhase;
			buildActionMask = 2147483647;
			files = (
			);
			inputPaths = (
			);
			name = "[CP] Copy Pods Resources";
			outputPaths = (
			);
			runOnlyForDeploymentPostprocessing = 0;
			shellPath = /bin/sh;
			shellScript = "\"${SRCROOT}/Pods/Target Support Files/Pods-TriggersV3/Pods-TriggersV3-resources.sh\"\n";
			showEnvVarsInLog = 0;
		};
/* End PBXShellScriptBuildPhase section */

/* Begin PBXSourcesBuildPhase section */
		F1D575D11E0145F900AC10DE /* Sources */ = {
			isa = PBXSourcesBuildPhase;
			buildActionMask = 2147483647;
			files = (
				F1D575FC1E01462000AC10DE /* ClassAttribute.m in Sources */,
				425286161E448C020058F2EF /* RAGetCurrentHour.m in Sources */,
				423FA7011E4B3E3300104BFB /* RADeviceModel.m in Sources */,
				4209CC0E1E4DBAE800BABC28 /* JSONModelError.m in Sources */,
				F1D575FF1E01462000AC10DE /* ReadAction.m in Sources */,
				F1D5761D1E015C1E00AC10DE /* NumberValue.m in Sources */,
				F1B9F60C1E0818DE0024AB95 /* CurrentDeviceLocationView.m in Sources */,
				423FA6F71E4B315200104BFB /* RADeviceName.m in Sources */,
				F1D575E01E0145F900AC10DE /* ViewController.m in Sources */,
				423FA6FE1E4B3A9100104BFB /* RAOSVersion.m in Sources */,
				F1D576171E015AB000AC10DE /* RACurrentDeviceLocation.m in Sources */,
				F1B9F5FC1E03EB560024AB95 /* WARest.m in Sources */,
				F1D576111E014ABD00AC10DE /* RADeviceOrientation.m in Sources */,
				F1D575FB1E01462000AC10DE /* Action.m in Sources */,
				42516DA01E4C5CCB00011E6A /* RANetStatus.m in Sources */,
				F1D5760E1E014A7700AC10DE /* RABatteryStatus.m in Sources */,
				F1D576141E014F3000AC10DE /* LocationManager.m in Sources */,
				F1B9F6021E0409500024AB95 /* WAUpdateObjectAttribute.m in Sources */,
				F1B9F5E71E02AAE90024AB95 /* RABatteryLevelPercentage.m in Sources */,
				F1D576041E0149DA00AC10DE /* RADevice.m in Sources */,
				426264901E6993D50055C26C /* APIModel.m in Sources */,
				F1B9F5EA1E02AD060024AB95 /* RAGetCurrentSeconds.m in Sources */,
				F1D5760A1E0149FC00AC10DE /* RABatteryLevelNormalized.m in Sources */,
				423FA6FB1E4B391400104BFB /* RAOperativeSystem.m in Sources */,
				F1D5761A1E015BF900AC10DE /* Value.m in Sources */,
				F1D575DD1E0145F900AC10DE /* AppDelegate.m in Sources */,
				423FA7041E4B3EEC00104BFB /* RADeviceID.m in Sources */,
				4209CBEC1E4C675800BABC28 /* GetWeather.m in Sources */,
				F1B9F5ED1E02B0040024AB95 /* WriteAction.m in Sources */,
				F1D575DA1E0145F900AC10DE /* main.m in Sources */,
				F1B9F5F61E02B0810024AB95 /* WAConsole.m in Sources */,
				4209CBEF1E4DA79700BABC28 /* WeatherPackage.m in Sources */,
				4209CC111E4DBAE800BABC28 /* JSONModel+networking.m in Sources */,
				425286191E449F530058F2EF /* RAGetCurrentDate.m in Sources */,
				F1B9F5F91E02D26A0024AB95 /* WAVisualAlert.m in Sources */,
				F1D576001E01462000AC10DE /* Trigger.m in Sources */,
				4299CD731E5462F6003ACF1B /* RACountryCode.m in Sources */,
				4209CC0F1E4DBAE800BABC28 /* JSONAPI.m in Sources */,
				425286131E44890F0058F2EF /* RAGetCurrentMinutes.m in Sources */,
				F1D576211E015D9900AC10DE /* StringValue.m in Sources */,
				4249B95E1E54693300E40089 /* RACityName.m in Sources */,
				F1B9F5F11E02B0340024AB95 /* WADevice.m in Sources */,
				4209CBE91E4C629A00BABC28 /* Reachability.m in Sources */,
				42E5B0301E6D72E5009EBE42 /* CallModel.m in Sources */,
				4209CC0D1E4DBAE800BABC28 /* JSONModelClassProperty.m in Sources */,
				F1D576071E0149E600AC10DE /* RARest.m in Sources */,
				F1D575FD1E01462000AC10DE /* Condition.m in Sources */,
				4209CC131E4DBAE800BABC28 /* JSONValueTransformer.m in Sources */,
				F1B9F5FF1E04051E0024AB95 /* RAObject.m in Sources */,
				4209CC0C1E4DBAE800BABC28 /* JSONModel.m in Sources */,
				4209CC101E4DBAE800BABC28 /* JSONHTTPClient.m in Sources */,
				4209CC121E4DBAE800BABC28 /* JSONKeyMapper.m in Sources */,
				F1D575FE1E01462000AC10DE /* Object.m in Sources */,
				F1B9F6061E0815660024AB95 /* DefaultView.m in Sources */,
			);
			runOnlyForDeploymentPostprocessing = 0;
		};
/* End PBXSourcesBuildPhase section */

/* Begin PBXVariantGroup section */
		F1D575E11E0145F900AC10DE /* Main.storyboard */ = {
			isa = PBXVariantGroup;
			children = (
				F1D575E21E0145F900AC10DE /* Base */,
			);
			name = Main.storyboard;
			sourceTree = "<group>";
		};
		F1D575E61E0145F900AC10DE /* LaunchScreen.storyboard */ = {
			isa = PBXVariantGroup;
			children = (
				F1D575E71E0145F900AC10DE /* Base */,
			);
			name = LaunchScreen.storyboard;
			sourceTree = "<group>";
		};
/* End PBXVariantGroup section */

/* Begin XCBuildConfiguration section */
		F1D575EA1E0145F900AC10DE /* Debug */ = {
			isa = XCBuildConfiguration;
			buildSettings = {
				ALWAYS_SEARCH_USER_PATHS = NO;
				CLANG_ANALYZER_NONNULL = YES;
				CLANG_CXX_LANGUAGE_STANDARD = "gnu++0x";
				CLANG_CXX_LIBRARY = "libc++";
				CLANG_ENABLE_MODULES = YES;
				CLANG_ENABLE_OBJC_ARC = YES;
				CLANG_WARN_BOOL_CONVERSION = YES;
				CLANG_WARN_CONSTANT_CONVERSION = YES;
				CLANG_WARN_DIRECT_OBJC_ISA_USAGE = YES_ERROR;
				CLANG_WARN_DOCUMENTATION_COMMENTS = YES;
				CLANG_WARN_EMPTY_BODY = YES;
				CLANG_WARN_ENUM_CONVERSION = YES;
				CLANG_WARN_INFINITE_RECURSION = YES;
				CLANG_WARN_INT_CONVERSION = YES;
				CLANG_WARN_OBJC_ROOT_CLASS = YES_ERROR;
				CLANG_WARN_SUSPICIOUS_MOVE = YES;
				CLANG_WARN_SUSPICIOUS_MOVES = YES;
				CLANG_WARN_UNREACHABLE_CODE = YES;
				CLANG_WARN__DUPLICATE_METHOD_MATCH = YES;
				"CODE_SIGN_IDENTITY[sdk=iphoneos*]" = "iPhone Developer";
				COPY_PHASE_STRIP = NO;
				DEBUG_INFORMATION_FORMAT = dwarf;
				ENABLE_STRICT_OBJC_MSGSEND = YES;
				ENABLE_TESTABILITY = YES;
				GCC_C_LANGUAGE_STANDARD = gnu99;
				GCC_DYNAMIC_NO_PIC = NO;
				GCC_NO_COMMON_BLOCKS = YES;
				GCC_OPTIMIZATION_LEVEL = 0;
				GCC_PREPROCESSOR_DEFINITIONS = (
					"DEBUG=1",
					"$(inherited)",
				);
				GCC_WARN_64_TO_32_BIT_CONVERSION = YES;
				GCC_WARN_ABOUT_RETURN_TYPE = YES_ERROR;
				GCC_WARN_UNDECLARED_SELECTOR = YES;
				GCC_WARN_UNINITIALIZED_AUTOS = YES_AGGRESSIVE;
				GCC_WARN_UNUSED_FUNCTION = YES;
				GCC_WARN_UNUSED_VARIABLE = YES;
				IPHONEOS_DEPLOYMENT_TARGET = 10.1;
				MTL_ENABLE_DEBUG_INFO = YES;
				ONLY_ACTIVE_ARCH = YES;
				SDKROOT = iphoneos;
				TARGETED_DEVICE_FAMILY = "1,2";
			};
			name = Debug;
		};
		F1D575EB1E0145F900AC10DE /* Release */ = {
			isa = XCBuildConfiguration;
			buildSettings = {
				ALWAYS_SEARCH_USER_PATHS = NO;
				CLANG_ANALYZER_NONNULL = YES;
				CLANG_CXX_LANGUAGE_STANDARD = "gnu++0x";
				CLANG_CXX_LIBRARY = "libc++";
				CLANG_ENABLE_MODULES = YES;
				CLANG_ENABLE_OBJC_ARC = YES;
				CLANG_WARN_BOOL_CONVERSION = YES;
				CLANG_WARN_CONSTANT_CONVERSION = YES;
				CLANG_WARN_DIRECT_OBJC_ISA_USAGE = YES_ERROR;
				CLANG_WARN_DOCUMENTATION_COMMENTS = YES;
				CLANG_WARN_EMPTY_BODY = YES;
				CLANG_WARN_ENUM_CONVERSION = YES;
				CLANG_WARN_INFINITE_RECURSION = YES;
				CLANG_WARN_INT_CONVERSION = YES;
				CLANG_WARN_OBJC_ROOT_CLASS = YES_ERROR;
				CLANG_WARN_SUSPICIOUS_MOVE = YES;
				CLANG_WARN_SUSPICIOUS_MOVES = YES;
				CLANG_WARN_UNREACHABLE_CODE = YES;
				CLANG_WARN__DUPLICATE_METHOD_MATCH = YES;
				"CODE_SIGN_IDENTITY[sdk=iphoneos*]" = "iPhone Developer";
				COPY_PHASE_STRIP = NO;
				DEBUG_INFORMATION_FORMAT = "dwarf-with-dsym";
				ENABLE_NS_ASSERTIONS = NO;
				ENABLE_STRICT_OBJC_MSGSEND = YES;
				GCC_C_LANGUAGE_STANDARD = gnu99;
				GCC_NO_COMMON_BLOCKS = YES;
				GCC_WARN_64_TO_32_BIT_CONVERSION = YES;
				GCC_WARN_ABOUT_RETURN_TYPE = YES_ERROR;
				GCC_WARN_UNDECLARED_SELECTOR = YES;
				GCC_WARN_UNINITIALIZED_AUTOS = YES_AGGRESSIVE;
				GCC_WARN_UNUSED_FUNCTION = YES;
				GCC_WARN_UNUSED_VARIABLE = YES;
				IPHONEOS_DEPLOYMENT_TARGET = 10.1;
				MTL_ENABLE_DEBUG_INFO = NO;
				SDKROOT = iphoneos;
				TARGETED_DEVICE_FAMILY = "1,2";
				VALIDATE_PRODUCT = YES;
			};
			name = Release;
		};
		F1D575ED1E0145F900AC10DE /* Debug */ = {
			isa = XCBuildConfiguration;
			baseConfigurationReference = 2B5F790DF34D64239DA482BB /* Pods-TriggersV3.debug.xcconfig */;
			buildSettings = {
				ASSETCATALOG_COMPILER_APPICON_NAME = AppIcon;
				DEVELOPMENT_TEAM = TEAF832HEC;
				INFOPLIST_FILE = TriggersV3/Info.plist;
				IPHONEOS_DEPLOYMENT_TARGET = 10.0;
				LD_RUNPATH_SEARCH_PATHS = "$(inherited) @executable_path/Frameworks";
				PRODUCT_BUNDLE_IDENTIFIER = com.rievo.TriggersV3;
				PRODUCT_NAME = "$(TARGET_NAME)";
			};
			name = Debug;
		};
		F1D575EE1E0145F900AC10DE /* Release */ = {
			isa = XCBuildConfiguration;
			baseConfigurationReference = C784686C3FFBF4AD7B6A1792 /* Pods-TriggersV3.release.xcconfig */;
			buildSettings = {
				ASSETCATALOG_COMPILER_APPICON_NAME = AppIcon;
				DEVELOPMENT_TEAM = TEAF832HEC;
				INFOPLIST_FILE = TriggersV3/Info.plist;
				IPHONEOS_DEPLOYMENT_TARGET = 10.0;
				LD_RUNPATH_SEARCH_PATHS = "$(inherited) @executable_path/Frameworks";
				PRODUCT_BUNDLE_IDENTIFIER = com.rievo.TriggersV3;
				PRODUCT_NAME = "$(TARGET_NAME)";
			};
			name = Release;
		};
/* End XCBuildConfiguration section */

/* Begin XCConfigurationList section */
		F1D575D01E0145F900AC10DE /* Build configuration list for PBXProject "TriggersV3" */ = {
			isa = XCConfigurationList;
			buildConfigurations = (
				F1D575EA1E0145F900AC10DE /* Debug */,
				F1D575EB1E0145F900AC10DE /* Release */,
			);
			defaultConfigurationIsVisible = 0;
			defaultConfigurationName = Release;
		};
		F1D575EC1E0145F900AC10DE /* Build configuration list for PBXNativeTarget "TriggersV3" */ = {
			isa = XCConfigurationList;
			buildConfigurations = (
				F1D575ED1E0145F900AC10DE /* Debug */,
				F1D575EE1E0145F900AC10DE /* Release */,
			);
			defaultConfigurationIsVisible = 0;
			defaultConfigurationName = Release;
		};
/* End XCConfigurationList section */
	};
	rootObject = F1D575CD1E0145F900AC10DE /* Project object */;
}
